
Microsoft Visual Studio Solution File, Format Version 12.00
# Visual Studio Version 17
VisualStudioVersion = 17.14.36109.1
MinimumVisualStudioVersion = 10.0.40219.1
Project("{2150E333-8FDC-42A3-9474-1A3956D46DE8}") = "src", "src", "{7D82453C-6102-40D7-9FA0-281122A0E1E7}"
EndProject
Project("{9A19103F-16F7-4668-BE54-9A1E7A4F7556}") = "IpLeash", "src\IpLeash\IpLeash.csproj", "{37636A95-F154-4DAB-B89E-0ED3EE53D299}"
EndProject
Global
	GlobalSection(SolutionConfigurationPlatforms) = preSolution
		Debug|Any CPU = Debug|Any CPU
		Release|Any CPU = Release|Any CPU
	EndGlobalSection
	GlobalSection(ProjectConfigurationPlatforms) = postSolution
		{37636A95-F154-4DAB-B89E-0ED3EE53D299}.Debug|Any CPU.ActiveCfg = Debug|Any CPU
		{37636A95-F154-4DAB-B89E-0ED3EE53D299}.Debug|Any CPU.Build.0 = Debug|Any CPU
		{37636A95-F154-4DAB-B89E-0ED3EE53D299}.Release|Any CPU.ActiveCfg = Release|Any CPU
		{37636A95-F154-4DAB-B89E-0ED3EE53D299}.Release|Any CPU.Build.0 = Release|Any CPU
	EndGlobalSection
	GlobalSection(SolutionProperties) = preSolution
		HideSolutionNode = FALSE
	EndGlobalSection
	GlobalSection(NestedProjects) = postSolution
		{37636A95-F154-4DAB-B89E-0ED3EE53D299} = {7D82453C-6102-40D7-9FA0-281122A0E1E7}
	EndGlobalSection
	GlobalSection(ExtensibilityGlobals) = postSolution
		SolutionGuid = {A6F1B1C4-2E5D-4B70-9C33-8D14E9B0F2A7}
	EndGlobalSection
EndGlobal
